<?xml version="1.0" encoding="utf-8"?>
<Project ToolsVersion="4.0" xmlns="http://schemas.microsoft.com/developer/msbuild/2003">
  <ItemGroup>
    <Filter Include="소스 파일">
      <UniqueIdentifier>{4FC737F1-C7A5-4376-A066-2A32D752A2FF}</UniqueIdentifier>
      <Extensions>cpp;c;cc;cxx;c++;cppm;ixx;def;odl;idl;hpj;bat;asm;asmx</Extensions>
    </Filter>
    <Filter Include="헤더 파일">
      <UniqueIdentifier>{93995380-89BD-4b04-88EB-625FBE52EBFB}</UniqueIdentifier>
      <Extensions>h;hh;hpp;hxx;h++;hm;inl;inc;ipp;xsd</Extensions>
    </Filter>
    <Filter Include="리소스 파일">
      <UniqueIdentifier>{67DA6AB6-F800-4c08-8B7A-83BB121AAD01}</UniqueIdentifier>
      <Extensions>rc;ico;cur;bmp;dlg;rc2;rct;bin;rgs;gif;jpg;jpeg;jpe;resx;tiff;tif;png;wav;mfcribbon-ms</Extensions>
    </Filter>
  </ItemGroup>
  <ItemGroup>
    <ClCompile Include="sfml-template.cpp">
      <Filter>소스 파일</Filter>
    </ClCompile>
    <ClCompile Include="DataTable\DataTable.cpp">
      <Filter>소스 파일</Filter>
    </ClCompile>
    <ClCompile Include="DataTable\DataTableMGR.cpp">
      <Filter>소스 파일</Filter>
    </ClCompile>
    <ClCompile Include="DataTable\StringTable.cpp">
      <Filter>소스 파일</Filter>
    </ClCompile>
    <ClCompile Include="Framework\FileData.cpp">
      <Filter>소스 파일</Filter>
    </ClCompile>
    <ClCompile Include="Framework\FileManager.cpp">
      <Filter>소스 파일</Filter>
    </ClCompile>
    <ClCompile Include="Framework\Framework.cpp">
      <Filter>소스 파일</Filter>
    </ClCompile>
    <ClCompile Include="Framework\InputMgr.cpp">
      <Filter>소스 파일</Filter>
    </ClCompile>
    <ClCompile Include="Framework\ResourceManager.cpp">
      <Filter>소스 파일</Filter>
    </ClCompile>
    <ClCompile Include="Framework\SoundManager.cpp">
      <Filter>소스 파일</Filter>
    </ClCompile>
    <ClCompile Include="Framework\Utils.cpp">
      <Filter>소스 파일</Filter>
    </ClCompile>
    <ClCompile Include="GameObject\Animation\AnimationClip.cpp">
      <Filter>소스 파일</Filter>
    </ClCompile>
    <ClCompile Include="GameObject\Animation\Animator.cpp">
      <Filter>소스 파일</Filter>
    </ClCompile>
    <ClCompile Include="GameObject\Object.cpp">
      <Filter>소스 파일</Filter>
    </ClCompile>
    <ClCompile Include="GameObject\SpriteObject.cpp">
      <Filter>소스 파일</Filter>
    </ClCompile>
    <ClCompile Include="GameObject\TextObject.cpp">
      <Filter>소스 파일</Filter>
    </ClCompile>
    <ClCompile Include="GameObject\VertexArrayObj.cpp">
      <Filter>소스 파일</Filter>
    </ClCompile>
    <ClCompile Include="Scens\Menu.cpp">
      <Filter>소스 파일</Filter>
    </ClCompile>
    <ClCompile Include="Scens\Ready.cpp">
      <Filter>소스 파일</Filter>
    </ClCompile>
    <ClCompile Include="Scens\Scene.cpp">
      <Filter>소스 파일</Filter>
    </ClCompile>
    <ClCompile Include="Scens\SceneManager.cpp">
      <Filter>소스 파일</Filter>
    </ClCompile>
    <ClCompile Include="Ui\Button.cpp">
      <Filter>소스 파일</Filter>
    </ClCompile>
    <ClCompile Include="Ui\Menu\MenuUiMgr.cpp">
      <Filter>소스 파일</Filter>
    </ClCompile>
    <ClCompile Include="Ui\Ready\ReadyButton.cpp">
      <Filter>소스 파일</Filter>
    </ClCompile>
    <ClCompile Include="Ui\Ready\ReadyUiMgr.cpp">
      <Filter>소스 파일</Filter>
    </ClCompile>
    <ClCompile Include="Ui\UiMgr.cpp">
      <Filter>소스 파일</Filter>
    </ClCompile>
    <ClCompile Include="Ui\UiObject.cpp">
      <Filter>소스 파일</Filter>
    </ClCompile>
    <ClCompile Include="Ui\MoveObject.cpp">
      <Filter>소스 파일</Filter>
    </ClCompile>
    <ClCompile Include="Ui\DblClkObject.cpp">
      <Filter>소스 파일</Filter>
    </ClCompile>
    <ClCompile Include="Scens\MapEditor.cpp">
      <Filter>소스 파일</Filter>
    </ClCompile>
    <ClCompile Include="GameObject\Player.cpp">
      <Filter>소스 파일</Filter>
    </ClCompile>
    <ClCompile Include="Scens\SceneDev2.cpp">
      <Filter>소스 파일</Filter>
    </ClCompile>
  </ItemGroup>
  <ItemGroup>
    <ClInclude Include="3rd\rapidcsv.h">
      <Filter>헤더 파일</Filter>
    </ClInclude>
    <ClInclude Include="3rd\SingleTon.h">
      <Filter>헤더 파일</Filter>
    </ClInclude>
    <ClInclude Include="DataTable\DataTable.h">
      <Filter>헤더 파일</Filter>
    </ClInclude>
    <ClInclude Include="DataTable\DataTableMGR.h">
      <Filter>헤더 파일</Filter>
    </ClInclude>
    <ClInclude Include="DataTable\StringTable.h">
      <Filter>헤더 파일</Filter>
    </ClInclude>
    <ClInclude Include="Framework\FileData.h">
      <Filter>헤더 파일</Filter>
    </ClInclude>
    <ClInclude Include="Framework\FileManager.h">
      <Filter>헤더 파일</Filter>
    </ClInclude>
    <ClInclude Include="Framework\Framework.h">
      <Filter>헤더 파일</Filter>
    </ClInclude>
    <ClInclude Include="Framework\info.h">
      <Filter>헤더 파일</Filter>
    </ClInclude>
    <ClInclude Include="Framework\InputMgr.h">
      <Filter>헤더 파일</Filter>
    </ClInclude>
    <ClInclude Include="Framework\ResourceManager.h">
      <Filter>헤더 파일</Filter>
    </ClInclude>
    <ClInclude Include="Framework\SoundManager.h">
      <Filter>헤더 파일</Filter>
    </ClInclude>
    <ClInclude Include="Framework\Utils.h">
      <Filter>헤더 파일</Filter>
    </ClInclude>
    <ClInclude Include="GameObject\Animation\AnimationClip.h">
      <Filter>헤더 파일</Filter>
    </ClInclude>
    <ClInclude Include="GameObject\Animation\Animator.h">
      <Filter>헤더 파일</Filter>
    </ClInclude>
    <ClInclude Include="GameObject\Object.h">
      <Filter>헤더 파일</Filter>
    </ClInclude>
    <ClInclude Include="GameObject\SpriteObject.h">
      <Filter>헤더 파일</Filter>
    </ClInclude>
    <ClInclude Include="GameObject\TextObject.h">
      <Filter>헤더 파일</Filter>
    </ClInclude>
    <ClInclude Include="GameObject\VertexArrayObj.h">
      <Filter>헤더 파일</Filter>
    </ClInclude>
    <ClInclude Include="Scens\Menu.h">
      <Filter>헤더 파일</Filter>
    </ClInclude>
    <ClInclude Include="Scens\Ready.h">
      <Filter>헤더 파일</Filter>
    </ClInclude>
    <ClInclude Include="Scens\Scene.h">
      <Filter>헤더 파일</Filter>
    </ClInclude>
    <ClInclude Include="Scens\SceneManager.h">
      <Filter>헤더 파일</Filter>
    </ClInclude>
    <ClInclude Include="Ui\Button.h">
      <Filter>헤더 파일</Filter>
    </ClInclude>
    <ClInclude Include="Ui\Menu\MenuUiMgr.h">
      <Filter>헤더 파일</Filter>
    </ClInclude>
    <ClInclude Include="Ui\Ready\ReadyButton.h">
      <Filter>헤더 파일</Filter>
    </ClInclude>
    <ClInclude Include="Ui\Ready\ReadyUiMgr.h">
      <Filter>헤더 파일</Filter>
    </ClInclude>
    <ClInclude Include="Ui\UiMgr.h">
      <Filter>헤더 파일</Filter>
    </ClInclude>
    <ClInclude Include="Ui\UiObject.h">
      <Filter>헤더 파일</Filter>
    </ClInclude>
    <ClInclude Include="Ui\MoveObject.h">
      <Filter>헤더 파일</Filter>
    </ClInclude>
    <ClInclude Include="Ui\DblClkObject.h">
      <Filter>헤더 파일</Filter>
    </ClInclude>
    <ClInclude Include="Scens\MapEditor.h">
      <Filter>헤더 파일</Filter>
    </ClInclude>
    <ClInclude Include="GameObject\Player.h">
      <Filter>헤더 파일</Filter>
    </ClInclude>
    <ClInclude Include="Scens\SceneDev2.h">
      <Filter>헤더 파일</Filter>
    </ClInclude>
  </ItemGroup>
  <ItemGroup>
    <None Include="packages.config" />
  </ItemGroup>
</Project>