<?xml version="1.0" encoding="utf-8"?>
<Project ToolsVersion="4.0" xmlns="http://schemas.microsoft.com/developer/msbuild/2003">
  <ItemGroup>
    <ClCompile Include="GameObject\ItemBoxObject.cpp" />
    <ClCompile Include="Ui\AddItemBox.cpp" />
    <ClCompile Include="GameObject\Bullet.cpp" />
    <ClCompile Include="DataTable\DataTable.cpp" />
    <ClCompile Include="DataTable\DataTableMGR.cpp" />
    <ClCompile Include="DataTable\StringTable.cpp" />
    <ClCompile Include="GameObject\Enemy.cpp" />
    <ClCompile Include="GameObject\HitBox.cpp" />
    <ClCompile Include="GameObject\HitBoxObject.cpp" />
    <ClCompile Include="GameObject\Gun.cpp" />
    <ClCompile Include="GameObject\NPC.cpp" />
    <ClCompile Include="Ui\InventoryBox.cpp" />
    <ClCompile Include="Ui\InvenGreed.cpp" />
    <ClCompile Include="Ui\InvenItem.cpp" />
    <ClCompile Include="Ui\Inventory.cpp" />
    <ClCompile Include="Ui\LoadWindowBox.cpp" />
    <ClCompile Include="Ui\SaveWindowBox.cpp" />
    <ClCompile Include="Ui\GameSceneUiMgr.cpp" />
    <ClCompile Include="Ui\Fade.cpp" />
    <ClCompile Include="GameObject\Player.cpp" />
    <ClCompile Include="Ui\DrawObj.cpp" />
    <ClCompile Include="Ui\DrawSelect.cpp" />
    <ClCompile Include="Ui\EditorMapUiMgr.cpp" />
    <ClCompile Include="Scens\MapEditor.cpp" />
    <ClCompile Include="Scens\GameScene.cpp" />
    <ClCompile Include="Ui\DblClkObject.cpp" />
    <ClCompile Include="Framework\FileData.cpp" />
    <ClCompile Include="Framework\FileManager.cpp" />
    <ClCompile Include="Framework\Framework.cpp" />
    <ClCompile Include="Framework\InputMgr.cpp" />
    <ClCompile Include="Framework\ResourceManager.cpp" />
    <ClCompile Include="Framework\SoundManager.cpp" />
    <ClCompile Include="Framework\Utils.cpp" />
    <ClCompile Include="GameObject\Animation\AnimationClip.cpp" />
    <ClCompile Include="GameObject\Animation\Animator.cpp" />
    <ClCompile Include="GameObject\Object.cpp" />
    <ClCompile Include="GameObject\SpriteObject.cpp" />
    <ClCompile Include="GameObject\TextObject.cpp" />
    <ClCompile Include="GameObject\VertexArrayObj.cpp" />
    <ClCompile Include="Ui\MoveObject.cpp" />
    <ClCompile Include="Scens\Menu.cpp" />
    <ClCompile Include="Scens\Ready.cpp" />
    <ClCompile Include="Scens\Scene.cpp" />
    <ClCompile Include="Scens\SceneManager.cpp" />
    <ClCompile Include="sfml-template.cpp" />
    <ClCompile Include="Ui\Button.cpp" />
    <ClCompile Include="Ui\Menu\MenuUiMgr.cpp" />
    <ClCompile Include="Ui\Ready\ReadyButton.cpp" />
    <ClCompile Include="Ui\Ready\ReadyUiMgr.cpp" />
    <ClCompile Include="Ui\UiMgr.cpp" />
    <ClCompile Include="Ui\UiObject.cpp" />
    <ClCompile Include="Astar\Astar.cpp" />
    <ClCompile Include="src\Color.cpp" />
    <ClCompile Include="src\Constants.cpp" />
    <ClCompile Include="src\DirectedLight.cpp" />
    <ClCompile Include="src\LightingArea.cpp" />
    <ClCompile Include="src\LightSource.cpp" />
    <ClCompile Include="src\Line.cpp" />
    <ClCompile Include="src\Polygon.cpp" />
    <ClCompile Include="src\RadialLight.cpp" />
    <ClCompile Include="src\VertexArray.cpp" />
    <ClCompile Include="Ui\CraftBox.cpp" />
    <ClCompile Include="Ui\Craft.cpp" />
    <ClCompile Include="Ui\CraftGreed.cpp" />
    <ClCompile Include="Ui\CraftItem.cpp" />
    <ClCompile Include="3rd\QuadTree_SFML_DEMO.cpp" />
    <ClCompile Include="GameObject\Ment.cpp" />
    <ClCompile Include="Ui\Shop\Shop.cpp" />
    <ClCompile Include="Ui\BoolWindowBox.cpp" />
    <ClCompile Include="Ui\ConnectWindowBox.cpp" />
    <ClCompile Include="GameObject\Boss.cpp" />
    <ClCompile Include="GameObject\SupplyBox.cpp" />
    <ClCompile Include="GameObject\ToolTip.cpp" />
  </ItemGroup>
  <ItemGroup>
    <ClInclude Include="3rd\OBB.h" />
    <ClInclude Include="3rd\rapidcsv.h" />
    <ClInclude Include="3rd\SingleTon.h" />
    <ClInclude Include="GameObject\ItemBoxObject.h" />
    <ClInclude Include="Ui\AddItemBox.h" />
    <ClInclude Include="GameObject\Bullet.h" />
    <ClInclude Include="DataTable\DataTable.h" />
    <ClInclude Include="DataTable\DataTableMGR.h" />
    <ClInclude Include="DataTable\StringTable.h" />
    <ClInclude Include="GameObject\Enemy.h" />
    <ClInclude Include="Framework\ObjectPool.h" />
    <ClInclude Include="GameObject\HitBox.h" />
    <ClInclude Include="GameObject\HitBoxObject.h" />
    <ClInclude Include="GameObject\Gun.h" />
    <ClInclude Include="GameObject\NPC.h" />
    <ClInclude Include="Ui\InventoryBox.h" />
    <ClInclude Include="Ui\InvenGreed.h" />
    <ClInclude Include="Ui\InvenItem.h" />
    <ClInclude Include="Ui\Inventory.h" />
    <ClInclude Include="Ui\LoadWindowBox.h" />
    <ClInclude Include="Ui\SaveWindowBox.h" />
    <ClInclude Include="Ui\GameSceneUiMgr.h" />
    <ClInclude Include="Ui\Fade.h" />
    <ClInclude Include="GameObject\Player.h" />
    <ClInclude Include="Ui\DrawObj.h" />
    <ClInclude Include="Ui\DrawSelect.h" />
    <ClInclude Include="Ui\EditorMapUiMgr.h" />
    <ClInclude Include="Scens\MapEditor.h" />
    <ClInclude Include="Scens\GameScene.h" />
    <ClInclude Include="Ui\DblClkObject.h" />
    <ClInclude Include="Framework\FileData.h" />
    <ClInclude Include="Framework\FileManager.h" />
    <ClInclude Include="Framework\Framework.h" />
    <ClInclude Include="Framework\info.h" />
    <ClInclude Include="Framework\InputMgr.h" />
    <ClInclude Include="Framework\ResourceManager.h" />
    <ClInclude Include="Framework\SoundManager.h" />
    <ClInclude Include="Framework\Utils.h" />
    <ClInclude Include="GameObject\Animation\AnimationClip.h" />
    <ClInclude Include="GameObject\Animation\Animator.h" />
    <ClInclude Include="GameObject\Object.h" />
    <ClInclude Include="GameObject\SpriteObject.h" />
    <ClInclude Include="GameObject\TextObject.h" />
    <ClInclude Include="GameObject\VertexArrayObj.h" />
    <ClInclude Include="Ui\MoveObject.h" />
    <ClInclude Include="Scens\Menu.h" />
    <ClInclude Include="Scens\Ready.h" />
    <ClInclude Include="Scens\Scene.h" />
    <ClInclude Include="Scens\SceneManager.h" />
    <ClInclude Include="Ui\Button.h" />
    <ClInclude Include="Ui\Menu\MenuUiMgr.h" />
    <ClInclude Include="Ui\Ready\ReadyButton.h" />
    <ClInclude Include="Ui\Ready\ReadyUiMgr.h" />
    <ClInclude Include="Ui\UiMgr.h" />
    <ClInclude Include="Ui\UiObject.h" />
    <ClInclude Include="Astar\Astar.h" />
    <ClInclude Include="Ui\CraftBox.h" />
    <ClInclude Include="Ui\Craft.h" />
    <ClInclude Include="Ui\CraftGreed.h" />
    <ClInclude Include="Ui\CraftItem.h" />
    <ClInclude Include="3rd\QuadTree_SFML_DEMO.h" />
    <ClInclude Include="GameObject\Ment.h" />
    <ClInclude Include="Ui\Shop\Shop.h" />
    <ClInclude Include="Ui\BoolWindowBox.h" />
    <ClInclude Include="Ui\ConnectWindowBox.h" />
    <ClInclude Include="GameObject\Boss.h" />
    <ClInclude Include="GameObject\SupplyBox.h" />
    <ClInclude Include="GameObject\ToolTip.h" />
  </ItemGroup>
  <ItemGroup>
    <None Include="packages.config" />
  </ItemGroup>
</Project>